
Microsoft Visual Studio Solution File, Format Version 12.00
# Visual Studio Version 17
VisualStudioVersion = 17.11.34929.205
MinimumVisualStudioVersion = 10.0.40219.1
Project("{9A19103F-16F7-4668-BE54-9A1E7A4F7556}") = "ReviewApp", "ReviewApp\ReviewApp.csproj", "{D8CA18F0-E37C-4FFC-8A28-B697CEFFB738}"
EndProject
Project("{FAE04EC0-301F-11D3-BF4B-00C04F79EFBC}") = "ReviewApp.UnitTests", "ReviewApp.UnitTests\ReviewApp.UnitTests.csproj", "{1E3A18B6-F837-4E1E-BCE2-5A8554622B9A}"
EndProject
Global
	GlobalSection(SolutionConfigurationPlatforms) = preSolution
		Debug|Any CPU = Debug|Any CPU
		Release|Any CPU = Release|Any CPU
	EndGlobalSection
	GlobalSection(ProjectConfigurationPlatforms) = postSolution
		{D8CA18F0-E37C-4FFC-8A28-B697CEFFB738}.Debug|Any CPU.ActiveCfg = Debug|Any CPU
		{D8CA18F0-E37C-4FFC-8A28-B697CEFFB738}.Debug|Any CPU.Build.0 = Debug|Any CPU
		{D8CA18F0-E37C-4FFC-8A28-B697CEFFB738}.Release|Any CPU.ActiveCfg = Release|Any CPU
		{D8CA18F0-E37C-4FFC-8A28-B697CEFFB738}.Release|Any CPU.Build.0 = Release|Any CPU
		{1E3A18B6-F837-4E1E-BCE2-5A8554622B9A}.Debug|Any CPU.ActiveCfg = Debug|Any CPU
		{1E3A18B6-F837-4E1E-BCE2-5A8554622B9A}.Debug|Any CPU.Build.0 = Debug|Any CPU
		{1E3A18B6-F837-4E1E-BCE2-5A8554622B9A}.Release|Any CPU.ActiveCfg = Release|Any CPU
		{1E3A18B6-F837-4E1E-BCE2-5A8554622B9A}.Release|Any CPU.Build.0 = Release|Any CPU
	EndGlobalSection
	GlobalSection(SolutionProperties) = preSolution
		HideSolutionNode = FALSE
	EndGlobalSection
	GlobalSection(ExtensibilityGlobals) = postSolution
		SolutionGuid = {E7424DFF-7E1D-4F2C-B1AD-C8872FAAF18E}
	EndGlobalSection
EndGlobal
